// !$*UTF8*$!
{
	archiveVersion = 1;
	classes = {
	};
	objectVersion = 46;
	objects = {

/* Begin PBXBuildFile section */
		276AF91817DD805C001E5F80 /* SetCard.m in Sources */ = {isa = PBXBuildFile; fileRef = 276AF91717DD805C001E5F80 /* SetCard.m */; };
		276AF91B17DD872C001E5F80 /* SetCardDeck.m in Sources */ = {isa = PBXBuildFile; fileRef = 276AF91A17DD872C001E5F80 /* SetCardDeck.m */; };
		276AF91E17DD8870001E5F80 /* SetGameViewController.m in Sources */ = {isa = PBXBuildFile; fileRef = 276AF91D17DD8870001E5F80 /* SetGameViewController.m */; };
		276AF92117DD8A88001E5F80 /* SetCardMatchingGame.m in Sources */ = {isa = PBXBuildFile; fileRef = 276AF92017DD8A88001E5F80 /* SetCardMatchingGame.m */; };
		2770702617EA476C004F5FA5 /* cardback.png in Resources */ = {isa = PBXBuildFile; fileRef = 2770700A17EA476C004F5FA5 /* cardback.png */; };
		2770702717EA476C004F5FA5 /* J♠.jpg in Resources */ = {isa = PBXBuildFile; fileRef = 2770700C17EA476C004F5FA5 /* J♠.jpg */; };
		2770702817EA476C004F5FA5 /* J♠@2x.jpg in Resources */ = {isa = PBXBuildFile; fileRef = 2770700D17EA476C004F5FA5 /* J♠@2x.jpg */; };
		2770702917EA476C004F5FA5 /* J♣.jpg in Resources */ = {isa = PBXBuildFile; fileRef = 2770700E17EA476C004F5FA5 /* J♣.jpg */; };
		2770702A17EA476C004F5FA5 /* J♣@2x.jpg in Resources */ = {isa = PBXBuildFile; fileRef = 2770700F17EA476C004F5FA5 /* J♣@2x.jpg */; };
		2770702B17EA476C004F5FA5 /* J♥.jpg in Resources */ = {isa = PBXBuildFile; fileRef = 2770701017EA476C004F5FA5 /* J♥.jpg */; };
		2770702C17EA476C004F5FA5 /* J♥@2x.jpg in Resources */ = {isa = PBXBuildFile; fileRef = 2770701117EA476C004F5FA5 /* J♥@2x.jpg */; };
		2770702D17EA476C004F5FA5 /* J♦.jpg in Resources */ = {isa = PBXBuildFile; fileRef = 2770701217EA476C004F5FA5 /* J♦.jpg */; };
		2770702E17EA476C004F5FA5 /* J♦@2x.jpg in Resources */ = {isa = PBXBuildFile; fileRef = 2770701317EA476C004F5FA5 /* J♦@2x.jpg */; };
		2770702F17EA476C004F5FA5 /* K♠.jpg in Resources */ = {isa = PBXBuildFile; fileRef = 2770701417EA476C004F5FA5 /* K♠.jpg */; };
		2770703017EA476C004F5FA5 /* K♠@2x.jpg in Resources */ = {isa = PBXBuildFile; fileRef = 2770701517EA476C004F5FA5 /* K♠@2x.jpg */; };
		2770703117EA476C004F5FA5 /* K♣.jpg in Resources */ = {isa = PBXBuildFile; fileRef = 2770701617EA476C004F5FA5 /* K♣.jpg */; };
		2770703217EA476C004F5FA5 /* K♣@2x.jpg in Resources */ = {isa = PBXBuildFile; fileRef = 2770701717EA476C004F5FA5 /* K♣@2x.jpg */; };
		2770703317EA476C004F5FA5 /* K♥.jpg in Resources */ = {isa = PBXBuildFile; fileRef = 2770701817EA476C004F5FA5 /* K♥.jpg */; };
		2770703417EA476C004F5FA5 /* K♥@2x.jpg in Resources */ = {isa = PBXBuildFile; fileRef = 2770701917EA476C004F5FA5 /* K♥@2x.jpg */; };
		2770703517EA476C004F5FA5 /* K♦.jpg in Resources */ = {isa = PBXBuildFile; fileRef = 2770701A17EA476C004F5FA5 /* K♦.jpg */; };
		2770703617EA476C004F5FA5 /* K♦@2x.jpg in Resources */ = {isa = PBXBuildFile; fileRef = 2770701B17EA476C004F5FA5 /* K♦@2x.jpg */; };
		2770703717EA476C004F5FA5 /* Q♠.jpg in Resources */ = {isa = PBXBuildFile; fileRef = 2770701C17EA476C004F5FA5 /* Q♠.jpg */; };
		2770703817EA476C004F5FA5 /* Q♠@2x.jpg in Resources */ = {isa = PBXBuildFile; fileRef = 2770701D17EA476C004F5FA5 /* Q♠@2x.jpg */; };
		2770703917EA476C004F5FA5 /* Q♣.jpg in Resources */ = {isa = PBXBuildFile; fileRef = 2770701E17EA476C004F5FA5 /* Q♣.jpg */; };
		2770703A17EA476C004F5FA5 /* Q♣@2x.jpg in Resources */ = {isa = PBXBuildFile; fileRef = 2770701F17EA476C004F5FA5 /* Q♣@2x.jpg */; };
		2770703B17EA476C004F5FA5 /* Q♥.jpg in Resources */ = {isa = PBXBuildFile; fileRef = 2770702017EA476C004F5FA5 /* Q♥.jpg */; };
		2770703C17EA476C004F5FA5 /* Q♥@2x.jpg in Resources */ = {isa = PBXBuildFile; fileRef = 2770702117EA476C004F5FA5 /* Q♥@2x.jpg */; };
		2770703D17EA476C004F5FA5 /* Q♦.jpg in Resources */ = {isa = PBXBuildFile; fileRef = 2770702217EA476C004F5FA5 /* Q♦.jpg */; };
		2770703E17EA476C004F5FA5 /* Q♦@2x.jpg in Resources */ = {isa = PBXBuildFile; fileRef = 2770702317EA476C004F5FA5 /* Q♦@2x.jpg */; };
		2770703F17EA476C004F5FA5 /* PlayingCardView.m in Sources */ = {isa = PBXBuildFile; fileRef = 2770702517EA476C004F5FA5 /* PlayingCardView.m */; };
		2770704217EA4813004F5FA5 /* PlayingCardCollectionViewCell.m in Sources */ = {isa = PBXBuildFile; fileRef = 2770704117EA4812004F5FA5 /* PlayingCardCollectionViewCell.m */; };
		2770704517EA4AC5004F5FA5 /* PlayingCardViewController.m in Sources */ = {isa = PBXBuildFile; fileRef = 2770704417EA4AC5004F5FA5 /* PlayingCardViewController.m */; };
		27F7D21117D131EA00FA2553 /* ThreeCardMatchingGame.m in Sources */ = {isa = PBXBuildFile; fileRef = 27F7D21017D131EA00FA2553 /* ThreeCardMatchingGame.m */; };
		27F7D21417D1388900FA2553 /* BaseMatchGame.m in Sources */ = {isa = PBXBuildFile; fileRef = 27F7D21317D1388900FA2553 /* BaseMatchGame.m */; };
		27F7D21817D1B0C200FA2553 /* cardBack.png in Resources */ = {isa = PBXBuildFile; fileRef = 27F7D21717D1B0C200FA2553 /* cardBack.png */; };
		27FC9E7617DA814000869D1A /* games_card_spades.png in Resources */ = {isa = PBXBuildFile; fileRef = 27FC9E7517DA814000869D1A /* games_card_spades.png */; };
		27FE304D17CE8F0600B8E958 /* UIKit.framework in Frameworks */ = {isa = PBXBuildFile; fileRef = 27FE304C17CE8F0600B8E958 /* UIKit.framework */; };
		27FE304F17CE8F0600B8E958 /* Foundation.framework in Frameworks */ = {isa = PBXBuildFile; fileRef = 27FE304E17CE8F0600B8E958 /* Foundation.framework */; };
		27FE305117CE8F0600B8E958 /* CoreGraphics.framework in Frameworks */ = {isa = PBXBuildFile; fileRef = 27FE305017CE8F0600B8E958 /* CoreGraphics.framework */; };
		27FE305717CE8F0600B8E958 /* InfoPlist.strings in Resources */ = {isa = PBXBuildFile; fileRef = 27FE305517CE8F0600B8E958 /* InfoPlist.strings */; };
		27FE305917CE8F0600B8E958 /* main.m in Sources */ = {isa = PBXBuildFile; fileRef = 27FE305817CE8F0600B8E958 /* main.m */; };
		27FE305D17CE8F0600B8E958 /* CardGameAppDelegate.m in Sources */ = {isa = PBXBuildFile; fileRef = 27FE305C17CE8F0600B8E958 /* CardGameAppDelegate.m */; };
		27FE305F17CE8F0600B8E958 /* Default.png in Resources */ = {isa = PBXBuildFile; fileRef = 27FE305E17CE8F0600B8E958 /* Default.png */; };
		27FE306117CE8F0600B8E958 /* Default@2x.png in Resources */ = {isa = PBXBuildFile; fileRef = 27FE306017CE8F0600B8E958 /* Default@2x.png */; };
		27FE306317CE8F0600B8E958 /* Default-568h@2x.png in Resources */ = {isa = PBXBuildFile; fileRef = 27FE306217CE8F0600B8E958 /* Default-568h@2x.png */; };
		27FE306617CE8F0600B8E958 /* MainStoryboard.storyboard in Resources */ = {isa = PBXBuildFile; fileRef = 27FE306417CE8F0600B8E958 /* MainStoryboard.storyboard */; };
		27FE306917CE8F0600B8E958 /* CardGameViewController.m in Sources */ = {isa = PBXBuildFile; fileRef = 27FE306817CE8F0600B8E958 /* CardGameViewController.m */; };
		27FE307117CE8FD400B8E958 /* Card.m in Sources */ = {isa = PBXBuildFile; fileRef = 27FE307017CE8FD400B8E958 /* Card.m */; };
		27FE307517CE8FF500B8E958 /* Deck.m in Sources */ = {isa = PBXBuildFile; fileRef = 27FE307417CE8FF500B8E958 /* Deck.m */; };
		27FE307817CE930000B8E958 /* PlayingCard.m in Sources */ = {isa = PBXBuildFile; fileRef = 27FE307717CE930000B8E958 /* PlayingCard.m */; };
		27FE307B17CE976500B8E958 /* PlayingCardDeck.m in Sources */ = {isa = PBXBuildFile; fileRef = 27FE307A17CE976500B8E958 /* PlayingCardDeck.m */; };
		27FE307E17CFDFAF00B8E958 /* TwoCardMatchingGame.m in Sources */ = {isa = PBXBuildFile; fileRef = 27FE307D17CFDFAF00B8E958 /* TwoCardMatchingGame.m */; };
/* End PBXBuildFile section */

/* Begin PBXFileReference section */
		276AF91617DD805C001E5F80 /* SetCard.h */ = {isa = PBXFileReference; fileEncoding = 4; lastKnownFileType = sourcecode.c.h; name = SetCard.h; path = Model/SetCard.h; sourceTree = "<group>"; };
		276AF91717DD805C001E5F80 /* SetCard.m */ = {isa = PBXFileReference; fileEncoding = 4; lastKnownFileType = sourcecode.c.objc; name = SetCard.m; path = Model/SetCard.m; sourceTree = "<group>"; };
		276AF91917DD872C001E5F80 /* SetCardDeck.h */ = {isa = PBXFileReference; fileEncoding = 4; lastKnownFileType = sourcecode.c.h; name = SetCardDeck.h; path = Model/SetCardDeck.h; sourceTree = "<group>"; };
		276AF91A17DD872C001E5F80 /* SetCardDeck.m */ = {isa = PBXFileReference; fileEncoding = 4; lastKnownFileType = sourcecode.c.objc; name = SetCardDeck.m; path = Model/SetCardDeck.m; sourceTree = "<group>"; };
		276AF91C17DD8870001E5F80 /* SetGameViewController.h */ = {isa = PBXFileReference; fileEncoding = 4; lastKnownFileType = sourcecode.c.h; path = SetGameViewController.h; sourceTree = "<group>"; };
		276AF91D17DD8870001E5F80 /* SetGameViewController.m */ = {isa = PBXFileReference; fileEncoding = 4; lastKnownFileType = sourcecode.c.objc; path = SetGameViewController.m; sourceTree = "<group>"; };
		276AF91F17DD8A88001E5F80 /* SetCardMatchingGame.h */ = {isa = PBXFileReference; fileEncoding = 4; lastKnownFileType = sourcecode.c.h; name = SetCardMatchingGame.h; path = Model/SetCardMatchingGame.h; sourceTree = "<group>"; };
		276AF92017DD8A88001E5F80 /* SetCardMatchingGame.m */ = {isa = PBXFileReference; fileEncoding = 4; lastKnownFileType = sourcecode.c.objc; name = SetCardMatchingGame.m; path = Model/SetCardMatchingGame.m; sourceTree = "<group>"; };
		2770700A17EA476C004F5FA5 /* cardback.png */ = {isa = PBXFileReference; lastKnownFileType = image.png; path = cardback.png; sourceTree = "<group>"; };
		2770700C17EA476C004F5FA5 /* J♠.jpg */ = {isa = PBXFileReference; lastKnownFileType = image.jpeg; path = "J♠.jpg"; sourceTree = "<group>"; };
		2770700D17EA476C004F5FA5 /* J♠@2x.jpg */ = {isa = PBXFileReference; lastKnownFileType = image.jpeg; path = "J♠@2x.jpg"; sourceTree = "<group>"; };
		2770700E17EA476C004F5FA5 /* J♣.jpg */ = {isa = PBXFileReference; lastKnownFileType = image.jpeg; path = "J♣.jpg"; sourceTree = "<group>"; };
		2770700F17EA476C004F5FA5 /* J♣@2x.jpg */ = {isa = PBXFileReference; lastKnownFileType = image.jpeg; path = "J♣@2x.jpg"; sourceTree = "<group>"; };
		2770701017EA476C004F5FA5 /* J♥.jpg */ = {isa = PBXFileReference; lastKnownFileType = image.jpeg; path = "J♥.jpg"; sourceTree = "<group>"; };
		2770701117EA476C004F5FA5 /* J♥@2x.jpg */ = {isa = PBXFileReference; lastKnownFileType = image.jpeg; path = "J♥@2x.jpg"; sourceTree = "<group>"; };
		2770701217EA476C004F5FA5 /* J♦.jpg */ = {isa = PBXFileReference; lastKnownFileType = image.jpeg; path = "J♦.jpg"; sourceTree = "<group>"; };
		2770701317EA476C004F5FA5 /* J♦@2x.jpg */ = {isa = PBXFileReference; lastKnownFileType = image.jpeg; path = "J♦@2x.jpg"; sourceTree = "<group>"; };
		2770701417EA476C004F5FA5 /* K♠.jpg */ = {isa = PBXFileReference; lastKnownFileType = image.jpeg; path = "K♠.jpg"; sourceTree = "<group>"; };
		2770701517EA476C004F5FA5 /* K♠@2x.jpg */ = {isa = PBXFileReference; lastKnownFileType = image.jpeg; path = "K♠@2x.jpg"; sourceTree = "<group>"; };
		2770701617EA476C004F5FA5 /* K♣.jpg */ = {isa = PBXFileReference; lastKnownFileType = image.jpeg; path = "K♣.jpg"; sourceTree = "<group>"; };
		2770701717EA476C004F5FA5 /* K♣@2x.jpg */ = {isa = PBXFileReference; lastKnownFileType = image.jpeg; path = "K♣@2x.jpg"; sourceTree = "<group>"; };
		2770701817EA476C004F5FA5 /* K♥.jpg */ = {isa = PBXFileReference; lastKnownFileType = image.jpeg; path = "K♥.jpg"; sourceTree = "<group>"; };
		2770701917EA476C004F5FA5 /* K♥@2x.jpg */ = {isa = PBXFileReference; lastKnownFileType = image.jpeg; path = "K♥@2x.jpg"; sourceTree = "<group>"; };
		2770701A17EA476C004F5FA5 /* K♦.jpg */ = {isa = PBXFileReference; lastKnownFileType = image.jpeg; path = "K♦.jpg"; sourceTree = "<group>"; };
		2770701B17EA476C004F5FA5 /* K♦@2x.jpg */ = {isa = PBXFileReference; lastKnownFileType = image.jpeg; path = "K♦@2x.jpg"; sourceTree = "<group>"; };
		2770701C17EA476C004F5FA5 /* Q♠.jpg */ = {isa = PBXFileReference; lastKnownFileType = image.jpeg; path = "Q♠.jpg"; sourceTree = "<group>"; };
		2770701D17EA476C004F5FA5 /* Q♠@2x.jpg */ = {isa = PBXFileReference; lastKnownFileType = image.jpeg; path = "Q♠@2x.jpg"; sourceTree = "<group>"; };
		2770701E17EA476C004F5FA5 /* Q♣.jpg */ = {isa = PBXFileReference; lastKnownFileType = image.jpeg; path = "Q♣.jpg"; sourceTree = "<group>"; };
		2770701F17EA476C004F5FA5 /* Q♣@2x.jpg */ = {isa = PBXFileReference; lastKnownFileType = image.jpeg; path = "Q♣@2x.jpg"; sourceTree = "<group>"; };
		2770702017EA476C004F5FA5 /* Q♥.jpg */ = {isa = PBXFileReference; lastKnownFileType = image.jpeg; path = "Q♥.jpg"; sourceTree = "<group>"; };
		2770702117EA476C004F5FA5 /* Q♥@2x.jpg */ = {isa = PBXFileReference; lastKnownFileType = image.jpeg; path = "Q♥@2x.jpg"; sourceTree = "<group>"; };
		2770702217EA476C004F5FA5 /* Q♦.jpg */ = {isa = PBXFileReference; lastKnownFileType = image.jpeg; path = "Q♦.jpg"; sourceTree = "<group>"; };
		2770702317EA476C004F5FA5 /* Q♦@2x.jpg */ = {isa = PBXFileReference; lastKnownFileType = image.jpeg; path = "Q♦@2x.jpg"; sourceTree = "<group>"; };
		2770702417EA476C004F5FA5 /* PlayingCardView.h */ = {isa = PBXFileReference; fileEncoding = 4; lastKnownFileType = sourcecode.c.h; path = PlayingCardView.h; sourceTree = "<group>"; };
		2770702517EA476C004F5FA5 /* PlayingCardView.m */ = {isa = PBXFileReference; fileEncoding = 4; lastKnownFileType = sourcecode.c.objc; path = PlayingCardView.m; sourceTree = "<group>"; };
		2770704017EA4812004F5FA5 /* PlayingCardCollectionViewCell.h */ = {isa = PBXFileReference; fileEncoding = 4; lastKnownFileType = sourcecode.c.h; path = PlayingCardCollectionViewCell.h; sourceTree = "<group>"; };
		2770704117EA4812004F5FA5 /* PlayingCardCollectionViewCell.m */ = {isa = PBXFileReference; fileEncoding = 4; lastKnownFileType = sourcecode.c.objc; path = PlayingCardCollectionViewCell.m; sourceTree = "<group>"; };
		2770704317EA4AC5004F5FA5 /* PlayingCardViewController.h */ = {isa = PBXFileReference; fileEncoding = 4; lastKnownFileType = sourcecode.c.h; path = PlayingCardViewController.h; sourceTree = "<group>"; };
		2770704417EA4AC5004F5FA5 /* PlayingCardViewController.m */ = {isa = PBXFileReference; fileEncoding = 4; lastKnownFileType = sourcecode.c.objc; path = PlayingCardViewController.m; sourceTree = "<group>"; };
		27F7D20F17D131EA00FA2553 /* ThreeCardMatchingGame.h */ = {isa = PBXFileReference; fileEncoding = 4; lastKnownFileType = sourcecode.c.h; name = ThreeCardMatchingGame.h; path = Model/ThreeCardMatchingGame.h; sourceTree = "<group>"; };
		27F7D21017D131EA00FA2553 /* ThreeCardMatchingGame.m */ = {isa = PBXFileReference; fileEncoding = 4; lastKnownFileType = sourcecode.c.objc; name = ThreeCardMatchingGame.m; path = Model/ThreeCardMatchingGame.m; sourceTree = "<group>"; };
		27F7D21217D1388900FA2553 /* BaseMatchGame.h */ = {isa = PBXFileReference; fileEncoding = 4; lastKnownFileType = sourcecode.c.h; name = BaseMatchGame.h; path = Model/BaseMatchGame.h; sourceTree = "<group>"; };
		27F7D21317D1388900FA2553 /* BaseMatchGame.m */ = {isa = PBXFileReference; fileEncoding = 4; lastKnownFileType = sourcecode.c.objc; name = BaseMatchGame.m; path = Model/BaseMatchGame.m; sourceTree = "<group>"; };
		27F7D21717D1B0C200FA2553 /* cardBack.png */ = {isa = PBXFileReference; lastKnownFileType = image.png; path = cardBack.png; sourceTree = "<group>"; };
		27FC9E7517DA814000869D1A /* games_card_spades.png */ = {isa = PBXFileReference; lastKnownFileType = image.png; path = games_card_spades.png; sourceTree = "<group>"; };
		27FE304917CE8F0600B8E958 /* Matchismo.app */ = {isa = PBXFileReference; explicitFileType = wrapper.application; includeInIndex = 0; path = Matchismo.app; sourceTree = BUILT_PRODUCTS_DIR; };
		27FE304C17CE8F0600B8E958 /* UIKit.framework */ = {isa = PBXFileReference; lastKnownFileType = wrapper.framework; name = UIKit.framework; path = System/Library/Frameworks/UIKit.framework; sourceTree = SDKROOT; };
		27FE304E17CE8F0600B8E958 /* Foundation.framework */ = {isa = PBXFileReference; lastKnownFileType = wrapper.framework; name = Foundation.framework; path = System/Library/Frameworks/Foundation.framework; sourceTree = SDKROOT; };
		27FE305017CE8F0600B8E958 /* CoreGraphics.framework */ = {isa = PBXFileReference; lastKnownFileType = wrapper.framework; name = CoreGraphics.framework; path = System/Library/Frameworks/CoreGraphics.framework; sourceTree = SDKROOT; };
		27FE305417CE8F0600B8E958 /* Matchismo-Info.plist */ = {isa = PBXFileReference; lastKnownFileType = text.plist.xml; path = "Matchismo-Info.plist"; sourceTree = "<group>"; };
		27FE305617CE8F0600B8E958 /* en */ = {isa = PBXFileReference; lastKnownFileType = text.plist.strings; name = en; path = en.lproj/InfoPlist.strings; sourceTree = "<group>"; };
		27FE305817CE8F0600B8E958 /* main.m */ = {isa = PBXFileReference; lastKnownFileType = sourcecode.c.objc; path = main.m; sourceTree = "<group>"; };
		27FE305A17CE8F0600B8E958 /* Matchismo-Prefix.pch */ = {isa = PBXFileReference; lastKnownFileType = sourcecode.c.h; path = "Matchismo-Prefix.pch"; sourceTree = "<group>"; };
		27FE305B17CE8F0600B8E958 /* CardGameAppDelegate.h */ = {isa = PBXFileReference; lastKnownFileType = sourcecode.c.h; path = CardGameAppDelegate.h; sourceTree = "<group>"; };
		27FE305C17CE8F0600B8E958 /* CardGameAppDelegate.m */ = {isa = PBXFileReference; lastKnownFileType = sourcecode.c.objc; path = CardGameAppDelegate.m; sourceTree = "<group>"; };
		27FE305E17CE8F0600B8E958 /* Default.png */ = {isa = PBXFileReference; lastKnownFileType = image.png; path = Default.png; sourceTree = "<group>"; };
		27FE306017CE8F0600B8E958 /* Default@2x.png */ = {isa = PBXFileReference; lastKnownFileType = image.png; path = "Default@2x.png"; sourceTree = "<group>"; };
		27FE306217CE8F0600B8E958 /* Default-568h@2x.png */ = {isa = PBXFileReference; lastKnownFileType = image.png; path = "Default-568h@2x.png"; sourceTree = "<group>"; };
		27FE306517CE8F0600B8E958 /* en */ = {isa = PBXFileReference; lastKnownFileType = file.storyboard; name = en; path = en.lproj/MainStoryboard.storyboard; sourceTree = "<group>"; };
		27FE306717CE8F0600B8E958 /* CardGameViewController.h */ = {isa = PBXFileReference; lastKnownFileType = sourcecode.c.h; path = CardGameViewController.h; sourceTree = "<group>"; };
		27FE306817CE8F0600B8E958 /* CardGameViewController.m */ = {isa = PBXFileReference; lastKnownFileType = sourcecode.c.objc; path = CardGameViewController.m; sourceTree = "<group>"; };
		27FE306F17CE8FD400B8E958 /* Card.h */ = {isa = PBXFileReference; fileEncoding = 4; lastKnownFileType = sourcecode.c.h; name = Card.h; path = Model/Card.h; sourceTree = "<group>"; };
		27FE307017CE8FD400B8E958 /* Card.m */ = {isa = PBXFileReference; fileEncoding = 4; lastKnownFileType = sourcecode.c.objc; name = Card.m; path = Model/Card.m; sourceTree = "<group>"; };
		27FE307317CE8FF500B8E958 /* Deck.h */ = {isa = PBXFileReference; fileEncoding = 4; lastKnownFileType = sourcecode.c.h; name = Deck.h; path = Model/Deck.h; sourceTree = "<group>"; };
		27FE307417CE8FF500B8E958 /* Deck.m */ = {isa = PBXFileReference; fileEncoding = 4; lastKnownFileType = sourcecode.c.objc; name = Deck.m; path = Model/Deck.m; sourceTree = "<group>"; };
		27FE307617CE930000B8E958 /* PlayingCard.h */ = {isa = PBXFileReference; fileEncoding = 4; lastKnownFileType = sourcecode.c.h; name = PlayingCard.h; path = Model/PlayingCard.h; sourceTree = "<group>"; };
		27FE307717CE930000B8E958 /* PlayingCard.m */ = {isa = PBXFileReference; fileEncoding = 4; lastKnownFileType = sourcecode.c.objc; name = PlayingCard.m; path = Model/PlayingCard.m; sourceTree = "<group>"; };
		27FE307917CE976500B8E958 /* PlayingCardDeck.h */ = {isa = PBXFileReference; fileEncoding = 4; lastKnownFileType = sourcecode.c.h; name = PlayingCardDeck.h; path = Model/PlayingCardDeck.h; sourceTree = "<group>"; };
		27FE307A17CE976500B8E958 /* PlayingCardDeck.m */ = {isa = PBXFileReference; fileEncoding = 4; lastKnownFileType = sourcecode.c.objc; name = PlayingCardDeck.m; path = Model/PlayingCardDeck.m; sourceTree = "<group>"; };
		27FE307C17CFDFAF00B8E958 /* TwoCardMatchingGame.h */ = {isa = PBXFileReference; fileEncoding = 4; lastKnownFileType = sourcecode.c.h; path = TwoCardMatchingGame.h; sourceTree = "<group>"; };
		27FE307D17CFDFAF00B8E958 /* TwoCardMatchingGame.m */ = {isa = PBXFileReference; fileEncoding = 4; lastKnownFileType = sourcecode.c.objc; path = TwoCardMatchingGame.m; sourceTree = "<group>"; };
/* End PBXFileReference section */

/* Begin PBXFrameworksBuildPhase section */
		27FE304617CE8F0600B8E958 /* Frameworks */ = {
			isa = PBXFrameworksBuildPhase;
			buildActionMask = 2147483647;
			files = (
				27FE304D17CE8F0600B8E958 /* UIKit.framework in Frameworks */,
				27FE304F17CE8F0600B8E958 /* Foundation.framework in Frameworks */,
				27FE305117CE8F0600B8E958 /* CoreGraphics.framework in Frameworks */,
			);
			runOnlyForDeploymentPostprocessing = 0;
		};
/* End PBXFrameworksBuildPhase section */

/* Begin PBXGroup section */
		2770700B17EA476C004F5FA5 /* Face Card Images */ = {
			isa = PBXGroup;
			children = (
				2770700C17EA476C004F5FA5 /* J♠.jpg */,
				2770700D17EA476C004F5FA5 /* J♠@2x.jpg */,
				2770700E17EA476C004F5FA5 /* J♣.jpg */,
				2770700F17EA476C004F5FA5 /* J♣@2x.jpg */,
				2770701017EA476C004F5FA5 /* J♥.jpg */,
				2770701117EA476C004F5FA5 /* J♥@2x.jpg */,
				2770701217EA476C004F5FA5 /* J♦.jpg */,
				2770701317EA476C004F5FA5 /* J♦@2x.jpg */,
				2770701417EA476C004F5FA5 /* K♠.jpg */,
				2770701517EA476C004F5FA5 /* K♠@2x.jpg */,
				2770701617EA476C004F5FA5 /* K♣.jpg */,
				2770701717EA476C004F5FA5 /* K♣@2x.jpg */,
				2770701817EA476C004F5FA5 /* K♥.jpg */,
				2770701917EA476C004F5FA5 /* K♥@2x.jpg */,
				2770701A17EA476C004F5FA5 /* K♦.jpg */,
				2770701B17EA476C004F5FA5 /* K♦@2x.jpg */,
				2770701C17EA476C004F5FA5 /* Q♠.jpg */,
				2770701D17EA476C004F5FA5 /* Q♠@2x.jpg */,
				2770701E17EA476C004F5FA5 /* Q♣.jpg */,
				2770701F17EA476C004F5FA5 /* Q♣@2x.jpg */,
				2770702017EA476C004F5FA5 /* Q♥.jpg */,
				2770702117EA476C004F5FA5 /* Q♥@2x.jpg */,
				2770702217EA476C004F5FA5 /* Q♦.jpg */,
				2770702317EA476C004F5FA5 /* Q♦@2x.jpg */,
			);
			path = "Face Card Images";
			sourceTree = "<group>";
		};
		27FE304017CE8F0600B8E958 = {
			isa = PBXGroup;
			children = (
				27FE305217CE8F0600B8E958 /* Matchismo */,
				27FE304B17CE8F0600B8E958 /* Frameworks */,
				27FE304A17CE8F0600B8E958 /* Products */,
			);
			sourceTree = "<group>";
		};
		27FE304A17CE8F0600B8E958 /* Products */ = {
			isa = PBXGroup;
			children = (
				27FE304917CE8F0600B8E958 /* Matchismo.app */,
			);
			name = Products;
			sourceTree = "<group>";
		};
		27FE304B17CE8F0600B8E958 /* Frameworks */ = {
			isa = PBXGroup;
			children = (
				27FE304C17CE8F0600B8E958 /* UIKit.framework */,
				27FE304E17CE8F0600B8E958 /* Foundation.framework */,
				27FE305017CE8F0600B8E958 /* CoreGraphics.framework */,
			);
			name = Frameworks;
			sourceTree = "<group>";
		};
		27FE305217CE8F0600B8E958 /* Matchismo */ = {
			isa = PBXGroup;
			children = (
				2770700A17EA476C004F5FA5 /* cardback.png */,
				2770700B17EA476C004F5FA5 /* Face Card Images */,
				2770702417EA476C004F5FA5 /* PlayingCardView.h */,
				2770702517EA476C004F5FA5 /* PlayingCardView.m */,
				27FC9E7517DA814000869D1A /* games_card_spades.png */,
				27F7D21717D1B0C200FA2553 /* cardBack.png */,
				27FE306417CE8F0600B8E958 /* MainStoryboard.storyboard */,
				27FE307217CE8FDC00B8E958 /* Model */,
				27FE306717CE8F0600B8E958 /* CardGameViewController.h */,
				27FE306817CE8F0600B8E958 /* CardGameViewController.m */,
				2770704317EA4AC5004F5FA5 /* PlayingCardViewController.h */,
				2770704417EA4AC5004F5FA5 /* PlayingCardViewController.m */,
				2770704017EA4812004F5FA5 /* PlayingCardCollectionViewCell.h */,
				2770704117EA4812004F5FA5 /* PlayingCardCollectionViewCell.m */,
				276AF91C17DD8870001E5F80 /* SetGameViewController.h */,
				276AF91D17DD8870001E5F80 /* SetGameViewController.m */,
				27FE305317CE8F0600B8E958 /* Supporting Files */,
			);
			path = Matchismo;
			sourceTree = "<group>";
		};
		27FE305317CE8F0600B8E958 /* Supporting Files */ = {
			isa = PBXGroup;
			children = (
				27FE305B17CE8F0600B8E958 /* CardGameAppDelegate.h */,
				27FE305C17CE8F0600B8E958 /* CardGameAppDelegate.m */,
				27FE305417CE8F0600B8E958 /* Matchismo-Info.plist */,
				27FE305517CE8F0600B8E958 /* InfoPlist.strings */,
				27FE305817CE8F0600B8E958 /* main.m */,
				27FE305A17CE8F0600B8E958 /* Matchismo-Prefix.pch */,
				27FE305E17CE8F0600B8E958 /* Default.png */,
				27FE306017CE8F0600B8E958 /* Default@2x.png */,
				27FE306217CE8F0600B8E958 /* Default-568h@2x.png */,
			);
			name = "Supporting Files";
			sourceTree = "<group>";
		};
		27FE307217CE8FDC00B8E958 /* Model */ = {
			isa = PBXGroup;
			children = (
				27FE306F17CE8FD400B8E958 /* Card.h */,
				27FE307017CE8FD400B8E958 /* Card.m */,
				27FE307317CE8FF500B8E958 /* Deck.h */,
				27FE307417CE8FF500B8E958 /* Deck.m */,
				27FE307617CE930000B8E958 /* PlayingCard.h */,
				27FE307717CE930000B8E958 /* PlayingCard.m */,
				27FE307917CE976500B8E958 /* PlayingCardDeck.h */,
				27FE307A17CE976500B8E958 /* PlayingCardDeck.m */,
				27F7D20F17D131EA00FA2553 /* ThreeCardMatchingGame.h */,
				27F7D21017D131EA00FA2553 /* ThreeCardMatchingGame.m */,
				27FE307C17CFDFAF00B8E958 /* TwoCardMatchingGame.h */,
				27FE307D17CFDFAF00B8E958 /* TwoCardMatchingGame.m */,
				27F7D21217D1388900FA2553 /* BaseMatchGame.h */,
				27F7D21317D1388900FA2553 /* BaseMatchGame.m */,
				276AF91617DD805C001E5F80 /* SetCard.h */,
				276AF91717DD805C001E5F80 /* SetCard.m */,
				276AF91917DD872C001E5F80 /* SetCardDeck.h */,
				276AF91A17DD872C001E5F80 /* SetCardDeck.m */,
				276AF91F17DD8A88001E5F80 /* SetCardMatchingGame.h */,
				276AF92017DD8A88001E5F80 /* SetCardMatchingGame.m */,
			);
			name = Model;
			sourceTree = "<group>";
		};
/* End PBXGroup section */

/* Begin PBXNativeTarget section */
		27FE304817CE8F0600B8E958 /* Matchismo */ = {
			isa = PBXNativeTarget;
			buildConfigurationList = 27FE306C17CE8F0600B8E958 /* Build configuration list for PBXNativeTarget "Matchismo" */;
			buildPhases = (
				27FE304517CE8F0600B8E958 /* Sources */,
				27FE304617CE8F0600B8E958 /* Frameworks */,
				27FE304717CE8F0600B8E958 /* Resources */,
			);
			buildRules = (
			);
			dependencies = (
			);
			name = Matchismo;
			productName = Matchismo;
			productReference = 27FE304917CE8F0600B8E958 /* Matchismo.app */;
			productType = "com.apple.product-type.application";
		};
/* End PBXNativeTarget section */

/* Begin PBXProject section */
		27FE304117CE8F0600B8E958 /* Project object */ = {
			isa = PBXProject;
			attributes = {
				CLASSPREFIX = CardGame;
				LastUpgradeCheck = 0460;
				ORGANIZATIONNAME = "Kyle Rogers";
			};
			buildConfigurationList = 27FE304417CE8F0600B8E958 /* Build configuration list for PBXProject "Matchismo" */;
			compatibilityVersion = "Xcode 3.2";
			developmentRegion = English;
			hasScannedForEncodings = 0;
			knownRegions = (
				en,
			);
			mainGroup = 27FE304017CE8F0600B8E958;
			productRefGroup = 27FE304A17CE8F0600B8E958 /* Products */;
			projectDirPath = "";
			projectRoot = "";
			targets = (
				27FE304817CE8F0600B8E958 /* Matchismo */,
			);
		};
/* End PBXProject section */

/* Begin PBXResourcesBuildPhase section */
		27FE304717CE8F0600B8E958 /* Resources */ = {
			isa = PBXResourcesBuildPhase;
			buildActionMask = 2147483647;
			files = (
				27FE305717CE8F0600B8E958 /* InfoPlist.strings in Resources */,
				27FE305F17CE8F0600B8E958 /* Default.png in Resources */,
				27FE306117CE8F0600B8E958 /* Default@2x.png in Resources */,
				27FE306317CE8F0600B8E958 /* Default-568h@2x.png in Resources */,
				27FE306617CE8F0600B8E958 /* MainStoryboard.storyboard in Resources */,
				27F7D21817D1B0C200FA2553 /* cardBack.png in Resources */,
				27FC9E7617DA814000869D1A /* games_card_spades.png in Resources */,
				2770702617EA476C004F5FA5 /* cardback.png in Resources */,
				2770702717EA476C004F5FA5 /* J♠.jpg in Resources */,
				2770702817EA476C004F5FA5 /* J♠@2x.jpg in Resources */,
				2770702917EA476C004F5FA5 /* J♣.jpg in Resources */,
				2770702A17EA476C004F5FA5 /* J♣@2x.jpg in Resources */,
				2770702B17EA476C004F5FA5 /* J♥.jpg in Resources */,
				2770702C17EA476C004F5FA5 /* J♥@2x.jpg in Resources */,
				2770702D17EA476C004F5FA5 /* J♦.jpg in Resources */,
				2770702E17EA476C004F5FA5 /* J♦@2x.jpg in Resources */,
				2770702F17EA476C004F5FA5 /* K♠.jpg in Resources */,
				2770703017EA476C004F5FA5 /* K♠@2x.jpg in Resources */,
				2770703117EA476C004F5FA5 /* K♣.jpg in Resources */,
				2770703217EA476C004F5FA5 /* K♣@2x.jpg in Resources */,
				2770703317EA476C004F5FA5 /* K♥.jpg in Resources */,
				2770703417EA476C004F5FA5 /* K♥@2x.jpg in Resources */,
				2770703517EA476C004F5FA5 /* K♦.jpg in Resources */,
				2770703617EA476C004F5FA5 /* K♦@2x.jpg in Resources */,
				2770703717EA476C004F5FA5 /* Q♠.jpg in Resources */,
				2770703817EA476C004F5FA5 /* Q♠@2x.jpg in Resources */,
				2770703917EA476C004F5FA5 /* Q♣.jpg in Resources */,
				2770703A17EA476C004F5FA5 /* Q♣@2x.jpg in Resources */,
				2770703B17EA476C004F5FA5 /* Q♥.jpg in Resources */,
				2770703C17EA476C004F5FA5 /* Q♥@2x.jpg in Resources */,
				2770703D17EA476C004F5FA5 /* Q♦.jpg in Resources */,
				2770703E17EA476C004F5FA5 /* Q♦@2x.jpg in Resources */,
			);
			runOnlyForDeploymentPostprocessing = 0;
		};
/* End PBXResourcesBuildPhase section */

/* Begin PBXSourcesBuildPhase section */
		27FE304517CE8F0600B8E958 /* Sources */ = {
			isa = PBXSourcesBuildPhase;
			buildActionMask = 2147483647;
			files = (
				27FE305917CE8F0600B8E958 /* main.m in Sources */,
				27FE305D17CE8F0600B8E958 /* CardGameAppDelegate.m in Sources */,
				27FE306917CE8F0600B8E958 /* CardGameViewController.m in Sources */,
				27FE307117CE8FD400B8E958 /* Card.m in Sources */,
				27FE307517CE8FF500B8E958 /* Deck.m in Sources */,
				27FE307817CE930000B8E958 /* PlayingCard.m in Sources */,
				27FE307B17CE976500B8E958 /* PlayingCardDeck.m in Sources */,
				27FE307E17CFDFAF00B8E958 /* TwoCardMatchingGame.m in Sources */,
				27F7D21117D131EA00FA2553 /* ThreeCardMatchingGame.m in Sources */,
				27F7D21417D1388900FA2553 /* BaseMatchGame.m in Sources */,
				276AF91817DD805C001E5F80 /* SetCard.m in Sources */,
				276AF91B17DD872C001E5F80 /* SetCardDeck.m in Sources */,
				276AF91E17DD8870001E5F80 /* SetGameViewController.m in Sources */,
				276AF92117DD8A88001E5F80 /* SetCardMatchingGame.m in Sources */,
				2770703F17EA476C004F5FA5 /* PlayingCardView.m in Sources */,
				2770704217EA4813004F5FA5 /* PlayingCardCollectionViewCell.m in Sources */,
				2770704517EA4AC5004F5FA5 /* PlayingCardViewController.m in Sources */,
			);
			runOnlyForDeploymentPostprocessing = 0;
		};
/* End PBXSourcesBuildPhase section */

/* Begin PBXVariantGroup section */
		27FE305517CE8F0600B8E958 /* InfoPlist.strings */ = {
			isa = PBXVariantGroup;
			children = (
				27FE305617CE8F0600B8E958 /* en */,
			);
			name = InfoPlist.strings;
			sourceTree = "<group>";
		};
		27FE306417CE8F0600B8E958 /* MainStoryboard.storyboard */ = {
			isa = PBXVariantGroup;
			children = (
				27FE306517CE8F0600B8E958 /* en */,
			);
			name = MainStoryboard.storyboard;
			sourceTree = "<group>";
		};
/* End PBXVariantGroup section */

/* Begin XCBuildConfiguration section */
		27FE306A17CE8F0600B8E958 /* Debug */ = {
			isa = XCBuildConfiguration;
			buildSettings = {
				ALWAYS_SEARCH_USER_PATHS = NO;
				CLANG_CXX_LANGUAGE_STANDARD = "gnu++0x";
				CLANG_CXX_LIBRARY = "libc++";
				CLANG_ENABLE_OBJC_ARC = YES;
				CLANG_WARN_CONSTANT_CONVERSION = YES;
				CLANG_WARN_EMPTY_BODY = YES;
				CLANG_WARN_ENUM_CONVERSION = YES;
				CLANG_WARN_INT_CONVERSION = YES;
				CLANG_WARN__DUPLICATE_METHOD_MATCH = YES;
				"CODE_SIGN_IDENTITY[sdk=iphoneos*]" = "iPhone Developer";
				COPY_PHASE_STRIP = NO;
				GCC_C_LANGUAGE_STANDARD = gnu99;
				GCC_DYNAMIC_NO_PIC = NO;
				GCC_OPTIMIZATION_LEVEL = 0;
				GCC_PREPROCESSOR_DEFINITIONS = (
					"DEBUG=1",
					"$(inherited)",
				);
				GCC_SYMBOLS_PRIVATE_EXTERN = NO;
				GCC_WARN_ABOUT_RETURN_TYPE = YES;
				GCC_WARN_UNINITIALIZED_AUTOS = YES;
				GCC_WARN_UNUSED_VARIABLE = YES;
				IPHONEOS_DEPLOYMENT_TARGET = 6.1;
				ONLY_ACTIVE_ARCH = YES;
				SDKROOT = iphoneos;
			};
			name = Debug;
		};
		27FE306B17CE8F0600B8E958 /* Release */ = {
			isa = XCBuildConfiguration;
			buildSettings = {
				ALWAYS_SEARCH_USER_PATHS = NO;
				CLANG_CXX_LANGUAGE_STANDARD = "gnu++0x";
				CLANG_CXX_LIBRARY = "libc++";
				CLANG_ENABLE_OBJC_ARC = YES;
				CLANG_WARN_CONSTANT_CONVERSION = YES;
				CLANG_WARN_EMPTY_BODY = YES;
				CLANG_WARN_ENUM_CONVERSION = YES;
				CLANG_WARN_INT_CONVERSION = YES;
				CLANG_WARN__DUPLICATE_METHOD_MATCH = YES;
				"CODE_SIGN_IDENTITY[sdk=iphoneos*]" = "iPhone Developer";
				COPY_PHASE_STRIP = YES;
				GCC_C_LANGUAGE_STANDARD = gnu99;
				GCC_WARN_ABOUT_RETURN_TYPE = YES;
				GCC_WARN_UNINITIALIZED_AUTOS = YES;
				GCC_WARN_UNUSED_VARIABLE = YES;
				IPHONEOS_DEPLOYMENT_TARGET = 6.1;
				OTHER_CFLAGS = "-DNS_BLOCK_ASSERTIONS=1";
				SDKROOT = iphoneos;
				VALIDATE_PRODUCT = YES;
			};
			name = Release;
		};
		27FE306D17CE8F0600B8E958 /* Debug */ = {
			isa = XCBuildConfiguration;
			buildSettings = {
				GCC_PRECOMPILE_PREFIX_HEADER = YES;
				GCC_PREFIX_HEADER = "Matchismo/Matchismo-Prefix.pch";
				INFOPLIST_FILE = "Matchismo/Matchismo-Info.plist";
				PRODUCT_NAME = "$(TARGET_NAME)";
				WRAPPER_EXTENSION = app;
			};
			name = Debug;
		};
		27FE306E17CE8F0600B8E958 /* Release */ = {
			isa = XCBuildConfiguration;
			buildSettings = {
				GCC_PRECOMPILE_PREFIX_HEADER = YES;
				GCC_PREFIX_HEADER = "Matchismo/Matchismo-Prefix.pch";
				INFOPLIST_FILE = "Matchismo/Matchismo-Info.plist";
				PRODUCT_NAME = "$(TARGET_NAME)";
				WRAPPER_EXTENSION = app;
			};
			name = Release;
		};
/* End XCBuildConfiguration section */

/* Begin XCConfigurationList section */
		27FE304417CE8F0600B8E958 /* Build configuration list for PBXProject "Matchismo" */ = {
			isa = XCConfigurationList;
			buildConfigurations = (
				27FE306A17CE8F0600B8E958 /* Debug */,
				27FE306B17CE8F0600B8E958 /* Release */,
			);
			defaultConfigurationIsVisible = 0;
			defaultConfigurationName = Release;
		};
		27FE306C17CE8F0600B8E958 /* Build configuration list for PBXNativeTarget "Matchismo" */ = {
			isa = XCConfigurationList;
			buildConfigurations = (
				27FE306D17CE8F0600B8E958 /* Debug */,
				27FE306E17CE8F0600B8E958 /* Release */,
			);
			defaultConfigurationIsVisible = 0;
			defaultConfigurationName = Release;
		};
/* End XCConfigurationList section */
	};
	rootObject = 27FE304117CE8F0600B8E958 /* Project object */;
}
